
Microsoft Visual Studio Solution File, Format Version 12.00
# Visual Studio Version 17
VisualStudioVersion = 17.8.34330.188
MinimumVisualStudioVersion = 10.0.40219.1
Project("{FAE04EC0-301F-11D3-BF4B-00C04F79EFBC}") = "installing-bot", "test1\installing-bot.csproj", "{8F42DAAA-4FBE-4835-B0A5-182B6A10A395}"
EndProject
Global
	GlobalSection(SolutionConfigurationPlatforms) = preSolution
		Debug|Any CPU = Debug|Any CPU
		Release|Any CPU = Release|Any CPU
	EndGlobalSection
	GlobalSection(ProjectConfigurationPlatforms) = postSolution
		{8F42DAAA-4FBE-4835-B0A5-182B6A10A395}.Debug|Any CPU.ActiveCfg = Debug|Any CPU
		{8F42DAAA-4FBE-4835-B0A5-182B6A10A395}.Debug|Any CPU.Build.0 = Debug|Any CPU
		{8F42DAAA-4FBE-4835-B0A5-182B6A10A395}.Release|Any CPU.ActiveCfg = Release|Any CPU
		{8F42DAAA-4FBE-4835-B0A5-182B6A10A395}.Release|Any CPU.Build.0 = Release|Any CPU
	EndGlobalSection
	GlobalSection(SolutionProperties) = preSolution
		HideSolutionNode = FALSE
	EndGlobalSection
	GlobalSection(ExtensibilityGlobals) = postSolution
		SolutionGuid = {621D21C0-E480-4A75-B4FD-459E0A204D43}
	EndGlobalSection
EndGlobal
